PODS:
  - Base64 (1.1.2)
  - boost-for-react-native (1.63.0)
  - CocoaAsyncSocket (7.6.5)
  - CodePush (6.4.1):
    - Base64 (~> 1.1)
    - JWT (~> 3.0.0-beta.12)
    - React-Core
    - SSZipArchive (~> 2.2.2)
  - DoubleConversion (1.1.6)
  - FBLazyVector (0.64.1)
  - FBReactNativeSpec (0.64.1):
    - RCT-Folly (= 2020.01.13.00)
    - RCTRequired (= 0.64.1)
    - RCTTypeSafety (= 0.64.1)
    - React-Core (= 0.64.1)
    - React-jsi (= 0.64.1)
    - ReactCommon/turbomodule/core (= 0.64.1)
  - Flipper (0.75.1):
    - Flipper-Folly (~> 2.5)
    - Flipper-RSocket (~> 1.3)
  - Flipper-DoubleConversion (1.1.7)
  - Flipper-Folly (2.5.3):
    - boost-for-react-native
    - Flipper-DoubleConversion
    - Flipper-Glog
    - libevent (~> 2.1.12)
    - OpenSSL-Universal (= 1.1.180)
  - Flipper-Glog (0.3.6)
  - Flipper-PeerTalk (0.0.4)
  - Flipper-RSocket (1.3.1):
    - Flipper-Folly (~> 2.5)
  - FlipperKit (0.75.1):
    - FlipperKit/Core (= 0.75.1)
  - FlipperKit/Core (0.75.1):
    - Flipper (~> 0.75.1)
    - FlipperKit/CppBridge
    - FlipperKit/FBCxxFollyDynamicConvert
    - FlipperKit/FBDefines
    - FlipperKit/FKPortForwarding
  - FlipperKit/CppBridge (0.75.1):
    - Flipper (~> 0.75.1)
  - FlipperKit/FBCxxFollyDynamicConvert (0.75.1):
    - Flipper-Folly (~> 2.5)
  - FlipperKit/FBDefines (0.75.1)
  - FlipperKit/FKPortForwarding (0.75.1):
    - CocoaAsyncSocket (~> 7.6)
    - Flipper-PeerTalk (~> 0.0.4)
  - FlipperKit/FlipperKitHighlightOverlay (0.75.1)
  - FlipperKit/FlipperKitLayoutPlugin (0.75.1):
    - FlipperKit/Core
    - FlipperKit/FlipperKitHighlightOverlay
    - FlipperKit/FlipperKitLayoutTextSearchable
    - YogaKit (~> 1.18)
  - FlipperKit/FlipperKitLayoutTextSearchable (0.75.1)
  - FlipperKit/FlipperKitNetworkPlugin (0.75.1):
    - FlipperKit/Core
  - FlipperKit/FlipperKitReactPlugin (0.75.1):
    - FlipperKit/Core
  - FlipperKit/FlipperKitUserDefaultsPlugin (0.75.1):
    - FlipperKit/Core
  - FlipperKit/SKIOSNetworkPlugin (0.75.1):
    - FlipperKit/Core
    - FlipperKit/FlipperKitNetworkPlugin
  - glog (0.3.5)
  - JWT (3.0.0-beta.12):
    - Base64 (~> 1.1.2)
  - libevent (2.1.12)
  - OpenSSL-Universal (1.1.180)
  - RCT-Folly (2020.01.13.00):
    - boost-for-react-native
    - DoubleConversion
    - glog
    - RCT-Folly/Default (= 2020.01.13.00)
  - RCT-Folly/Default (2020.01.13.00):
    - boost-for-react-native
    - DoubleConversion
    - glog
  - RCTRequired (0.64.1)
  - RCTTypeSafety (0.64.1):
    - FBLazyVector (= 0.64.1)
    - RCT-Folly (= 2020.01.13.00)
    - RCTRequired (= 0.64.1)
    - React-Core (= 0.64.1)
  - React (0.64.1):
    - React-Core (= 0.64.1)
    - React-Core/DevSupport (= 0.64.1)
    - React-Core/RCTWebSocket (= 0.64.1)
    - React-RCTActionSheet (= 0.64.1)
    - React-RCTAnimation (= 0.64.1)
    - React-RCTBlob (= 0.64.1)
    - React-RCTImage (= 0.64.1)
    - React-RCTLinking (= 0.64.1)
    - React-RCTNetwork (= 0.64.1)
    - React-RCTSettings (= 0.64.1)
    - React-RCTText (= 0.64.1)
    - React-RCTVibration (= 0.64.1)
  - React-callinvoker (0.64.1)
  - React-Core (0.64.1):
    - glog
    - RCT-Folly (= 2020.01.13.00)
    - React-Core/Default (= 0.64.1)
    - React-cxxreact (= 0.64.1)
    - React-jsi (= 0.64.1)
    - React-jsiexecutor (= 0.64.1)
    - React-perflogger (= 0.64.1)
    - Yoga
  - React-Core/CoreModulesHeaders (0.64.1):
    - glog
    - RCT-Folly (= 2020.01.13.00)
    - React-Core/Default
    - React-cxxreact (= 0.64.1)
    - React-jsi (= 0.64.1)
    - React-jsiexecutor (= 0.64.1)
    - React-perflogger (= 0.64.1)
    - Yoga
  - React-Core/Default (0.64.1):
    - glog
    - RCT-Folly (= 2020.01.13.00)
    - React-cxxreact (= 0.64.1)
    - React-jsi (= 0.64.1)
    - React-jsiexecutor (= 0.64.1)
    - React-perflogger (= 0.64.1)
    - Yoga
  - React-Core/DevSupport (0.64.1):
    - glog
    - RCT-Folly (= 2020.01.13.00)
    - React-Core/Default (= 0.64.1)
    - React-Core/RCTWebSocket (= 0.64.1)
    - React-cxxreact (= 0.64.1)
    - React-jsi (= 0.64.1)
    - React-jsiexecutor (= 0.64.1)
    - React-jsinspector (= 0.64.1)
    - React-perflogger (= 0.64.1)
    - Yoga
  - React-Core/RCTActionSheetHeaders (0.64.1):
    - glog
    - RCT-Folly (= 2020.01.13.00)
    - React-Core/Default
    - React-cxxreact (= 0.64.1)
    - React-jsi (= 0.64.1)
    - React-jsiexecutor (= 0.64.1)
    - React-perflogger (= 0.64.1)
    - Yoga
  - React-Core/RCTAnimationHeaders (0.64.1):
    - glog
    - RCT-Folly (= 2020.01.13.00)
    - React-Core/Default
    - React-cxxreact (= 0.64.1)
    - React-jsi (= 0.64.1)
    - React-jsiexecutor (= 0.64.1)
    - React-perflogger (= 0.64.1)
    - Yoga
  - React-Core/RCTBlobHeaders (0.64.1):
    - glog
    - RCT-Folly (= 2020.01.13.00)
    - React-Core/Default
    - React-cxxreact (= 0.64.1)
    - React-jsi (= 0.64.1)
    - React-jsiexecutor (= 0.64.1)
    - React-perflogger (= 0.64.1)
    - Yoga
  - React-Core/RCTImageHeaders (0.64.1):
    - glog
    - RCT-Folly (= 2020.01.13.00)
    - React-Core/Default
    - React-cxxreact (= 0.64.1)
    - React-jsi (= 0.64.1)
    - React-jsiexecutor (= 0.64.1)
    - React-perflogger (= 0.64.1)
    - Yoga
  - React-Core/RCTLinkingHeaders (0.64.1):
    - glog
    - RCT-Folly (= 2020.01.13.00)
    - React-Core/Default
    - React-cxxreact (= 0.64.1)
    - React-jsi (= 0.64.1)
    - React-jsiexecutor (= 0.64.1)
    - React-perflogger (= 0.64.1)
    - Yoga
  - React-Core/RCTNetworkHeaders (0.64.1):
    - glog
    - RCT-Folly (= 2020.01.13.00)
    - React-Core/Default
    - React-cxxreact (= 0.64.1)
    - React-jsi (= 0.64.1)
    - React-jsiexecutor (= 0.64.1)
    - React-perflogger (= 0.64.1)
    - Yoga
  - React-Core/RCTSettingsHeaders (0.64.1):
    - glog
    - RCT-Folly (= 2020.01.13.00)
    - React-Core/Default
    - React-cxxreact (= 0.64.1)
    - React-jsi (= 0.64.1)
    - React-jsiexecutor (= 0.64.1)
    - React-perflogger (= 0.64.1)
    - Yoga
  - React-Core/RCTTextHeaders (0.64.1):
    - glog
    - RCT-Folly (= 2020.01.13.00)
    - React-Core/Default
    - React-cxxreact (= 0.64.1)
    - React-jsi (= 0.64.1)
    - React-jsiexecutor (= 0.64.1)
    - React-perflogger (= 0.64.1)
    - Yoga
  - React-Core/RCTVibrationHeaders (0.64.1):
    - glog
    - RCT-Folly (= 2020.01.13.00)
    - React-Core/Default
    - React-cxxreact (= 0.64.1)
    - React-jsi (= 0.64.1)
    - React-jsiexecutor (= 0.64.1)
    - React-perflogger (= 0.64.1)
    - Yoga
  - React-Core/RCTWebSocket (0.64.1):
    - glog
    - RCT-Folly (= 2020.01.13.00)
    - React-Core/Default (= 0.64.1)
    - React-cxxreact (= 0.64.1)
    - React-jsi (= 0.64.1)
    - React-jsiexecutor (= 0.64.1)
    - React-perflogger (= 0.64.1)
    - Yoga
  - React-CoreModules (0.64.1):
    - FBReactNativeSpec (= 0.64.1)
    - RCT-Folly (= 2020.01.13.00)
    - RCTTypeSafety (= 0.64.1)
    - React-Core/CoreModulesHeaders (= 0.64.1)
    - React-jsi (= 0.64.1)
    - React-RCTImage (= 0.64.1)
    - ReactCommon/turbomodule/core (= 0.64.1)
  - React-cxxreact (0.64.1):
    - boost-for-react-native (= 1.63.0)
    - DoubleConversion
    - glog
    - RCT-Folly (= 2020.01.13.00)
    - React-callinvoker (= 0.64.1)
    - React-jsi (= 0.64.1)
    - React-jsinspector (= 0.64.1)
    - React-perflogger (= 0.64.1)
    - React-runtimeexecutor (= 0.64.1)
  - React-jsi (0.64.1):
    - boost-for-react-native (= 1.63.0)
    - DoubleConversion
    - glog
    - RCT-Folly (= 2020.01.13.00)
    - React-jsi/Default (= 0.64.1)
  - React-jsi/Default (0.64.1):
    - boost-for-react-native (= 1.63.0)
    - DoubleConversion
    - glog
    - RCT-Folly (= 2020.01.13.00)
  - React-jsiexecutor (0.64.1):
    - DoubleConversion
    - glog
    - RCT-Folly (= 2020.01.13.00)
    - React-cxxreact (= 0.64.1)
    - React-jsi (= 0.64.1)
    - React-perflogger (= 0.64.1)
  - React-jsinspector (0.64.1)
  - react-native-html-to-pdf (0.8.0):
    - React
  - react-native-image-resizer (1.4.1):
    - React-Core
  - react-native-mail (6.0.0):
    - React-Core
  - react-native-pdf (6.2.2):
    - React-Core
  - react-native-print (0.7.0):
    - React
  - react-native-progress-view (1.2.3):
    - React
  - react-native-safe-area-context (3.1.9):
    - React-Core
  - react-native-view-shot (3.1.2):
    - React
  - react-native-voice (0.3.0):
    - React
  - react-native-webview (11.6.4):
    - React-Core
  - React-perflogger (0.64.1)
  - React-RCTActionSheet (0.64.1):
    - React-Core/RCTActionSheetHeaders (= 0.64.1)
  - React-RCTAnimation (0.64.1):
    - FBReactNativeSpec (= 0.64.1)
    - RCT-Folly (= 2020.01.13.00)
    - RCTTypeSafety (= 0.64.1)
    - React-Core/RCTAnimationHeaders (= 0.64.1)
    - React-jsi (= 0.64.1)
    - ReactCommon/turbomodule/core (= 0.64.1)
  - React-RCTBlob (0.64.1):
    - FBReactNativeSpec (= 0.64.1)
    - RCT-Folly (= 2020.01.13.00)
    - React-Core/RCTBlobHeaders (= 0.64.1)
    - React-Core/RCTWebSocket (= 0.64.1)
    - React-jsi (= 0.64.1)
    - React-RCTNetwork (= 0.64.1)
    - ReactCommon/turbomodule/core (= 0.64.1)
  - React-RCTImage (0.64.1):
    - FBReactNativeSpec (= 0.64.1)
    - RCT-Folly (= 2020.01.13.00)
    - RCTTypeSafety (= 0.64.1)
    - React-Core/RCTImageHeaders (= 0.64.1)
    - React-jsi (= 0.64.1)
    - React-RCTNetwork (= 0.64.1)
    - ReactCommon/turbomodule/core (= 0.64.1)
  - React-RCTLinking (0.64.1):
    - FBReactNativeSpec (= 0.64.1)
    - React-Core/RCTLinkingHeaders (= 0.64.1)
    - React-jsi (= 0.64.1)
    - ReactCommon/turbomodule/core (= 0.64.1)
  - React-RCTNetwork (0.64.1):
    - FBReactNativeSpec (= 0.64.1)
    - RCT-Folly (= 2020.01.13.00)
    - RCTTypeSafety (= 0.64.1)
    - React-Core/RCTNetworkHeaders (= 0.64.1)
    - React-jsi (= 0.64.1)
    - ReactCommon/turbomodule/core (= 0.64.1)
  - React-RCTSettings (0.64.1):
    - FBReactNativeSpec (= 0.64.1)
    - RCT-Folly (= 2020.01.13.00)
    - RCTTypeSafety (= 0.64.1)
    - React-Core/RCTSettingsHeaders (= 0.64.1)
    - React-jsi (= 0.64.1)
    - ReactCommon/turbomodule/core (= 0.64.1)
  - React-RCTText (0.64.1):
    - React-Core/RCTTextHeaders (= 0.64.1)
  - React-RCTVibration (0.64.1):
    - FBReactNativeSpec (= 0.64.1)
    - RCT-Folly (= 2020.01.13.00)
    - React-Core/RCTVibrationHeaders (= 0.64.1)
    - React-jsi (= 0.64.1)
    - ReactCommon/turbomodule/core (= 0.64.1)
  - React-runtimeexecutor (0.64.1):
    - React-jsi (= 0.64.1)
  - ReactCommon/turbomodule/core (0.64.1):
    - DoubleConversion
    - glog
    - RCT-Folly (= 2020.01.13.00)
    - React-callinvoker (= 0.64.1)
    - React-Core (= 0.64.1)
    - React-cxxreact (= 0.64.1)
    - React-jsi (= 0.64.1)
    - React-perflogger (= 0.64.1)
  - ReactNativeLocalization (2.1.6):
    - React
  - rn-fetch-blob (0.12.0):
    - React-Core
  - RNCAsyncStorage (1.12.1):
    - React-Core
  - RNCMaskedView (0.1.10):
    - React
  - RNDateTimePicker (3.0.8):
    - React-Core
  - RNDeviceInfo (7.3.1):
    - React-Core
  - RNFS (2.16.6):
    - React
  - RNGestureHandler (1.9.0):
    - React-Core
  - RNPdfScanner (1.4.2):
    - React
  - RNReactNativeABeep (1.0.4):
    - React
  - RNReactNativePdfLib (1.0.0):
    - React
  - RNReanimated (1.13.2):
    - React-Core
  - RNScreens (2.16.1):
    - React-Core
  - RNSVG (12.1.0):
    - React
  - RNVectorIcons (7.1.0):
    - React
  - SSZipArchive (2.2.3)
  - Yoga (1.14.0)
  - YogaKit (1.18.1):
    - Yoga (~> 1.14)

DEPENDENCIES:
  - CodePush (from `../node_modules/react-native-code-push`)
  - DoubleConversion (from `../node_modules/react-native/third-party-podspecs/DoubleConversion.podspec`)
  - FBLazyVector (from `../node_modules/react-native/Libraries/FBLazyVector`)
  - FBReactNativeSpec (from `../node_modules/react-native/React/FBReactNativeSpec`)
  - Flipper (~> 0.75.1)
  - Flipper-DoubleConversion (= 1.1.7)
  - Flipper-Folly (~> 2.5.3)
  - Flipper-Glog (= 0.3.6)
  - Flipper-PeerTalk (~> 0.0.4)
  - Flipper-RSocket (~> 1.3)
  - FlipperKit (~> 0.75.1)
  - FlipperKit/Core (~> 0.75.1)
  - FlipperKit/CppBridge (~> 0.75.1)
  - FlipperKit/FBCxxFollyDynamicConvert (~> 0.75.1)
  - FlipperKit/FBDefines (~> 0.75.1)
  - FlipperKit/FKPortForwarding (~> 0.75.1)
  - FlipperKit/FlipperKitHighlightOverlay (~> 0.75.1)
  - FlipperKit/FlipperKitLayoutPlugin (~> 0.75.1)
  - FlipperKit/FlipperKitLayoutTextSearchable (~> 0.75.1)
  - FlipperKit/FlipperKitNetworkPlugin (~> 0.75.1)
  - FlipperKit/FlipperKitReactPlugin (~> 0.75.1)
  - FlipperKit/FlipperKitUserDefaultsPlugin (~> 0.75.1)
  - FlipperKit/SKIOSNetworkPlugin (~> 0.75.1)
  - glog (from `../node_modules/react-native/third-party-podspecs/glog.podspec`)
  - RCT-Folly (from `../node_modules/react-native/third-party-podspecs/RCT-Folly.podspec`)
  - RCTRequired (from `../node_modules/react-native/Libraries/RCTRequired`)
  - RCTTypeSafety (from `../node_modules/react-native/Libraries/TypeSafety`)
  - React (from `../node_modules/react-native/`)
  - React-callinvoker (from `../node_modules/react-native/ReactCommon/callinvoker`)
  - React-Core (from `../node_modules/react-native/`)
  - React-Core/DevSupport (from `../node_modules/react-native/`)
  - React-Core/RCTWebSocket (from `../node_modules/react-native/`)
  - React-CoreModules (from `../node_modules/react-native/React/CoreModules`)
  - React-cxxreact (from `../node_modules/react-native/ReactCommon/cxxreact`)
  - React-jsi (from `../node_modules/react-native/ReactCommon/jsi`)
  - React-jsiexecutor (from `../node_modules/react-native/ReactCommon/jsiexecutor`)
  - React-jsinspector (from `../node_modules/react-native/ReactCommon/jsinspector`)
  - react-native-html-to-pdf (from `../node_modules/react-native-html-to-pdf`)
  - react-native-image-resizer (from `../node_modules/react-native-image-resizer`)
  - react-native-mail (from `../node_modules/react-native-mail`)
  - react-native-pdf (from `../node_modules/react-native-pdf`)
  - react-native-print (from `../node_modules/react-native-print`)
  - "react-native-progress-view (from `../node_modules/@react-native-community/progress-view`)"
  - react-native-safe-area-context (from `../node_modules/react-native-safe-area-context`)
  - react-native-view-shot (from `../node_modules/react-native-view-shot`)
  - react-native-voice (from `../node_modules/react-native-voice`)
  - react-native-webview (from `../node_modules/react-native-webview`)
  - React-perflogger (from `../node_modules/react-native/ReactCommon/reactperflogger`)
  - React-RCTActionSheet (from `../node_modules/react-native/Libraries/ActionSheetIOS`)
  - React-RCTAnimation (from `../node_modules/react-native/Libraries/NativeAnimation`)
  - React-RCTBlob (from `../node_modules/react-native/Libraries/Blob`)
  - React-RCTImage (from `../node_modules/react-native/Libraries/Image`)
  - React-RCTLinking (from `../node_modules/react-native/Libraries/LinkingIOS`)
  - React-RCTNetwork (from `../node_modules/react-native/Libraries/Network`)
  - React-RCTSettings (from `../node_modules/react-native/Libraries/Settings`)
  - React-RCTText (from `../node_modules/react-native/Libraries/Text`)
  - React-RCTVibration (from `../node_modules/react-native/Libraries/Vibration`)
  - React-runtimeexecutor (from `../node_modules/react-native/ReactCommon/runtimeexecutor`)
  - ReactCommon/turbomodule/core (from `../node_modules/react-native/ReactCommon`)
  - ReactNativeLocalization (from `../node_modules/react-native-localization`)
  - rn-fetch-blob (from `../node_modules/rn-fetch-blob`)
  - "RNCAsyncStorage (from `../node_modules/@react-native-community/async-storage`)"
  - "RNCMaskedView (from `../node_modules/@react-native-community/masked-view`)"
  - "RNDateTimePicker (from `../node_modules/@react-native-community/datetimepicker`)"
  - RNDeviceInfo (from `../node_modules/react-native-device-info`)
  - RNFS (from `../node_modules/react-native-fs`)
  - RNGestureHandler (from `../node_modules/react-native-gesture-handler`)
  - RNPdfScanner (from `../node_modules/react-native-document-scanner/ios`)
  - RNReactNativeABeep (from `../node_modules/react-native-a-beep/ios`)
  - RNReactNativePdfLib (from `../node_modules/react-native-pdf-lib/ios`)
  - RNReanimated (from `../node_modules/react-native-reanimated`)
  - RNScreens (from `../node_modules/react-native-screens`)
  - RNSVG (from `../node_modules/react-native-svg`)
  - RNVectorIcons (from `../node_modules/react-native-vector-icons`)
  - Yoga (from `../node_modules/react-native/ReactCommon/yoga`)

SPEC REPOS:
  trunk:
    - Base64
    - boost-for-react-native
    - CocoaAsyncSocket
    - Flipper
    - Flipper-DoubleConversion
    - Flipper-Folly
    - Flipper-Glog
    - Flipper-PeerTalk
    - Flipper-RSocket
    - FlipperKit
    - JWT
    - libevent
    - OpenSSL-Universal
    - SSZipArchive
    - YogaKit

EXTERNAL SOURCES:
  CodePush:
    :path: "../node_modules/react-native-code-push"
  DoubleConversion:
    :podspec: "../node_modules/react-native/third-party-podspecs/DoubleConversion.podspec"
  FBLazyVector:
    :path: "../node_modules/react-native/Libraries/FBLazyVector"
  FBReactNativeSpec:
    :path: "../node_modules/react-native/React/FBReactNativeSpec"
  glog:
    :podspec: "../node_modules/react-native/third-party-podspecs/glog.podspec"
  RCT-Folly:
    :podspec: "../node_modules/react-native/third-party-podspecs/RCT-Folly.podspec"
  RCTRequired:
    :path: "../node_modules/react-native/Libraries/RCTRequired"
  RCTTypeSafety:
    :path: "../node_modules/react-native/Libraries/TypeSafety"
  React:
    :path: "../node_modules/react-native/"
  React-callinvoker:
    :path: "../node_modules/react-native/ReactCommon/callinvoker"
  React-Core:
    :path: "../node_modules/react-native/"
  React-CoreModules:
    :path: "../node_modules/react-native/React/CoreModules"
  React-cxxreact:
    :path: "../node_modules/react-native/ReactCommon/cxxreact"
  React-jsi:
    :path: "../node_modules/react-native/ReactCommon/jsi"
  React-jsiexecutor:
    :path: "../node_modules/react-native/ReactCommon/jsiexecutor"
  React-jsinspector:
    :path: "../node_modules/react-native/ReactCommon/jsinspector"
  react-native-html-to-pdf:
    :path: "../node_modules/react-native-html-to-pdf"
  react-native-image-resizer:
    :path: "../node_modules/react-native-image-resizer"
  react-native-mail:
    :path: "../node_modules/react-native-mail"
  react-native-pdf:
    :path: "../node_modules/react-native-pdf"
  react-native-print:
    :path: "../node_modules/react-native-print"
  react-native-progress-view:
    :path: "../node_modules/@react-native-community/progress-view"
  react-native-safe-area-context:
    :path: "../node_modules/react-native-safe-area-context"
  react-native-view-shot:
    :path: "../node_modules/react-native-view-shot"
  react-native-voice:
    :path: "../node_modules/react-native-voice"
  react-native-webview:
    :path: "../node_modules/react-native-webview"
  React-perflogger:
    :path: "../node_modules/react-native/ReactCommon/reactperflogger"
  React-RCTActionSheet:
    :path: "../node_modules/react-native/Libraries/ActionSheetIOS"
  React-RCTAnimation:
    :path: "../node_modules/react-native/Libraries/NativeAnimation"
  React-RCTBlob:
    :path: "../node_modules/react-native/Libraries/Blob"
  React-RCTImage:
    :path: "../node_modules/react-native/Libraries/Image"
  React-RCTLinking:
    :path: "../node_modules/react-native/Libraries/LinkingIOS"
  React-RCTNetwork:
    :path: "../node_modules/react-native/Libraries/Network"
  React-RCTSettings:
    :path: "../node_modules/react-native/Libraries/Settings"
  React-RCTText:
    :path: "../node_modules/react-native/Libraries/Text"
  React-RCTVibration:
    :path: "../node_modules/react-native/Libraries/Vibration"
  React-runtimeexecutor:
    :path: "../node_modules/react-native/ReactCommon/runtimeexecutor"
  ReactCommon:
    :path: "../node_modules/react-native/ReactCommon"
  ReactNativeLocalization:
    :path: "../node_modules/react-native-localization"
  rn-fetch-blob:
    :path: "../node_modules/rn-fetch-blob"
  RNCAsyncStorage:
    :path: "../node_modules/@react-native-community/async-storage"
  RNCMaskedView:
    :path: "../node_modules/@react-native-community/masked-view"
  RNDateTimePicker:
    :path: "../node_modules/@react-native-community/datetimepicker"
  RNDeviceInfo:
    :path: "../node_modules/react-native-device-info"
  RNFS:
    :path: "../node_modules/react-native-fs"
  RNGestureHandler:
    :path: "../node_modules/react-native-gesture-handler"
  RNPdfScanner:
    :path: "../node_modules/react-native-document-scanner/ios"
  RNReactNativeABeep:
    :path: "../node_modules/react-native-a-beep/ios"
  RNReactNativePdfLib:
    :path: "../node_modules/react-native-pdf-lib/ios"
  RNReanimated:
    :path: "../node_modules/react-native-reanimated"
  RNScreens:
    :path: "../node_modules/react-native-screens"
  RNSVG:
    :path: "../node_modules/react-native-svg"
  RNVectorIcons:
    :path: "../node_modules/react-native-vector-icons"
  Yoga:
    :path: "../node_modules/react-native/ReactCommon/yoga"

SPEC CHECKSUMS:
  Base64: cecfb41a004124895a7bcee567a89bae5a89d49b
  boost-for-react-native: 39c7adb57c4e60d6c5479dd8623128eb5b3f0f2c
  CocoaAsyncSocket: 065fd1e645c7abab64f7a6a2007a48038fdc6a99
  CodePush: 352a7efabd0a7079a1138a5c6f677baedb0dedf9
  DoubleConversion: cf9b38bf0b2d048436d9a82ad2abe1404f11e7de
  FBLazyVector: 7b423f9e248eae65987838148c36eec1dbfe0b53
  FBReactNativeSpec: a4c35f7dc31ed6e46be12b1cf2933ab22a617f91
  Flipper: d3da1aa199aad94455ae725e9f3aa43f3ec17021
  Flipper-DoubleConversion: 38631e41ef4f9b12861c67d17cb5518d06badc41
  Flipper-Folly: 755929a4f851b2fb2c347d533a23f191b008554c
  Flipper-Glog: 1dfd6abf1e922806c52ceb8701a3599a79a200a6
  Flipper-PeerTalk: 116d8f857dc6ef55c7a5a75ea3ceaafe878aadc9
  Flipper-RSocket: 127954abe8b162fcaf68d2134d34dc2bd7076154
  FlipperKit: 8a20b5c5fcf9436cac58551dc049867247f64b00
  glog: 73c2498ac6884b13ede40eda8228cb1eee9d9d62
  JWT: 9b5c05abbcc1a0e69c3c91e1655b3387fc7e581d
  libevent: 4049cae6c81cdb3654a443be001fb9bdceff7913
  OpenSSL-Universal: 1aa4f6a6ee7256b83db99ec1ccdaa80d10f9af9b
  RCT-Folly: ec7a233ccc97cc556cf7237f0db1ff65b986f27c
  RCTRequired: ec2ebc96b7bfba3ca5c32740f5a0c6a014a274d2
  RCTTypeSafety: 22567f31e67c3e088c7ac23ea46ab6d4779c0ea5
  React: a241e3dbb1e91d06332f1dbd2b3ab26e1a4c4b9d
  React-callinvoker: da4d1c6141696a00163960906bc8a55b985e4ce4
  React-Core: 46ba164c437d7dac607b470c83c8308b05799748
  React-CoreModules: 217bd14904491c7b9940ff8b34a3fe08013c2f14
  React-cxxreact: 0090588ae6660c4615d3629fdd5c768d0983add4
  React-jsi: 5de8204706bd872b78ea646aee5d2561ca1214b6
  React-jsiexecutor: 124e8f99992490d0d13e0649d950d3e1aae06fe9
  React-jsinspector: 500a59626037be5b3b3d89c5151bc3baa9abf1a9
  react-native-html-to-pdf: 1d1199917f56a98377d431bce84c2f275e48eb71
  react-native-image-resizer: 354b09df56858289f386dfbd804e318155c14c8f
  react-native-mail: 88305252f4c3fb0157015ff8a7ac9c41b321a0dd
  react-native-pdf: 4b5a9e4465a6a3b399e91dc4838eb44ddf716d1f
  react-native-print: b31a7afe481fc7c27960fbd1a10055bce7146a86
  react-native-progress-view: 21b1e29e70c7559c16c9e0a04c4adc19fce6ede2
  react-native-safe-area-context: b6e0e284002381d2ff29fa4fff42b4d8282e3c94
  react-native-view-shot: 4475fde003fe8a210053d1f98fb9e06c1d834e1c
  react-native-voice: 9829ac5dc9300687c5f215bddf6c9645e82923fc
  react-native-webview: 1a19adb5578cdf7f005b7961dcc50c1c6b70f41b
  React-perflogger: aad6d4b4a267936b3667260d1f649b6f6069a675
  React-RCTActionSheet: fc376be462c9c8d6ad82c0905442fd77f82a9d2a
  React-RCTAnimation: ba0a1c3a2738be224a08092fa7f1b444ab77d309
  React-RCTBlob: f758d4403fc5828a326dc69e27b41e1a92f34947
  React-RCTImage: ce57088705f4a8d03f6594b066a59c29143ba73e
  React-RCTLinking: 852a3a95c65fa63f657a4b4e2d3d83a815e00a7c
  React-RCTNetwork: 9d7ccb8a08d522d71700b4fb677d9fa28cccd118
  React-RCTSettings: d8aaf4389ff06114dee8c42ef5f0f2915946011e
  React-RCTText: 809c12ed6b261796ba056c04fcd20d8b90bcc81d
  React-RCTVibration: 4b99a7f5c6c0abbc5256410cc5425fb8531986e1
  React-runtimeexecutor: ff951a0c241bfaefc4940a3f1f1a229e7cb32fa6
  ReactCommon: bedc99ed4dae329c4fcf128d0c31b9115e5365ca
  ReactNativeLocalization: dbb269b27d8a84bb22b9c2cdec38ba780b51dd72
  rn-fetch-blob: f065bb7ab7fb48dd002629f8bdcb0336602d3cba
  RNCAsyncStorage: b03032fdbdb725bea0bd9e5ec5a7272865ae7398
  RNCMaskedView: 5a8ec07677aa885546a0d98da336457e2bea557f
  RNDateTimePicker: 8eba76de1afd556bc00c874f4d0c0616e30e32f1
  RNDeviceInfo: 6ecb1d1c87d20e4c62354be0348de23362824dcd
  RNFS: 2bd9eb49dc82fa9676382f0585b992c424cd59df
  RNGestureHandler: 9b7e605a741412e20e13c512738a31bd1611759b
  RNPdfScanner: 13b11d79ef955acce6835e30d35e0b704f51a18a
  RNReactNativeABeep: 48dcc9a3c52ac98a5e2df055d760a36dc5cba754
  RNReactNativePdfLib: 8c349360ba24bdeb147cef0b1522a129f5a69b6a
  RNReanimated: e03f7425cb7a38dcf1b644d680d1bfc91c3337ad
  RNScreens: 45c457af3d2ee9e08fc01e70da87e653d46b1198
  RNSVG: ce9d996113475209013317e48b05c21ee988d42e
  RNVectorIcons: bc69e6a278b14842063605de32bec61f0b251a59
  SSZipArchive: 62d4947b08730e4cda640473b0066d209ff033c9
  Yoga: a7de31c64fe738607e7a3803e3f591a4b1df7393
  YogaKit: f782866e155069a2cca2517aafea43200b01fd5a

PODFILE CHECKSUM: 2c050bf9cf0c5024ef2c3bc0c0ebce661ea8f41f

COCOAPODS: 1.10.1
